// !$*UTF8*$!
{
	archiveVersion = 1;
	classes = {
	};
	objectVersion = 56;
	objects = {

/* Begin PBXBuildFile section */
		D947AEB52C4E8FB100742DD3 /* LightStatusBarViewController.swift in Sources */ = {isa = PBXBuildFile; fileRef = D947AEB42C4E8FB100742DD3 /* LightStatusBarViewController.swift */; };
		D96D0B212C3EEC25008FD358 /* ImagesListCell.swift in Sources */ = {isa = PBXBuildFile; fileRef = D96D0B202C3EEC25008FD358 /* ImagesListCell.swift */; };
		D96D0B242C411B08008FD358 /* Date+Extensions.swift in Sources */ = {isa = PBXBuildFile; fileRef = D96D0B232C411B08008FD358 /* Date+Extensions.swift */; };
		D96D0B272C46795F008FD358 /* ProfileViewController.swift in Sources */ = {isa = PBXBuildFile; fileRef = D96D0B262C46795F008FD358 /* ProfileViewController.swift */; };
		D96D0B2A2C47C2CA008FD358 /* SingleImageViewController.swift in Sources */ = {isa = PBXBuildFile; fileRef = D96D0B292C47C2CA008FD358 /* SingleImageViewController.swift */; };
		D9B75FEE2C3706F10022F490 /* AppDelegate.swift in Sources */ = {isa = PBXBuildFile; fileRef = D9B75FED2C3706F10022F490 /* AppDelegate.swift */; };
		D9B75FF02C3706F10022F490 /* SceneDelegate.swift in Sources */ = {isa = PBXBuildFile; fileRef = D9B75FEF2C3706F10022F490 /* SceneDelegate.swift */; };
		D9B75FF22C3706F10022F490 /* ImagesListViewController.swift in Sources */ = {isa = PBXBuildFile; fileRef = D9B75FF12C3706F10022F490 /* ImagesListViewController.swift */; };
		D9B75FF52C3706F10022F490 /* Base in Resources */ = {isa = PBXBuildFile; fileRef = D9B75FF42C3706F10022F490 /* Base */; };
		D9B75FF72C3706F20022F490 /* Assets.xcassets in Resources */ = {isa = PBXBuildFile; fileRef = D9B75FF62C3706F20022F490 /* Assets.xcassets */; };
		D9B75FFA2C3706F20022F490 /* Base in Resources */ = {isa = PBXBuildFile; fileRef = D9B75FF92C3706F20022F490 /* Base */; };
		D9C4F9122C52463D004A08DF /* Constants.swift in Sources */ = {isa = PBXBuildFile; fileRef = D9C4F9112C52463D004A08DF /* Constants.swift */; };
		D9C4F9152C52BD01004A08DF /* AuthViewController.swift in Sources */ = {isa = PBXBuildFile; fileRef = D9C4F9142C52BD01004A08DF /* AuthViewController.swift */; };
		D9C4F9172C52C328004A08DF /* WebViewViewController.swift in Sources */ = {isa = PBXBuildFile; fileRef = D9C4F9162C52C328004A08DF /* WebViewViewController.swift */; };
		D9C4F91B2C57FD15004A08DF /* OAuth2Service.swift in Sources */ = {isa = PBXBuildFile; fileRef = D9C4F91A2C57FD15004A08DF /* OAuth2Service.swift */; };
		D9C4F91E2C580291004A08DF /* NetworkService.swift in Sources */ = {isa = PBXBuildFile; fileRef = D9C4F91D2C580291004A08DF /* NetworkService.swift */; };
		D9C4F9202C58D19F004A08DF /* URLSession+data.swift in Sources */ = {isa = PBXBuildFile; fileRef = D9C4F91F2C58D19F004A08DF /* URLSession+data.swift */; };
		D9C4F9222C58F509004A08DF /* OAuth2TokenStorage.swift in Sources */ = {isa = PBXBuildFile; fileRef = D9C4F9212C58F509004A08DF /* OAuth2TokenStorage.swift */; };
		D9C4F9242C5904BD004A08DF /* SplashViewController.swift in Sources */ = {isa = PBXBuildFile; fileRef = D9C4F9232C5904BD004A08DF /* SplashViewController.swift */; };
		D9C4F9282C5A4D9E004A08DF /* DarkStatusBarViewController.swift in Sources */ = {isa = PBXBuildFile; fileRef = D9C4F9272C5A4D9E004A08DF /* DarkStatusBarViewController.swift */; };
		D9D7E8052C64ADD6004CBC66 /* ProgressHUD in Frameworks */ = {isa = PBXBuildFile; productRef = D9D7E8042C64ADD6004CBC66 /* ProgressHUD */; };
		D9D7E8072C65389E004CBC66 /* UIBlockingProgressHUD.swift in Sources */ = {isa = PBXBuildFile; fileRef = D9D7E8062C65389E004CBC66 /* UIBlockingProgressHUD.swift */; };
		D9D7E8092C6628B2004CBC66 /* ProfileService.swift in Sources */ = {isa = PBXBuildFile; fileRef = D9D7E8082C6628B2004CBC66 /* ProfileService.swift */; };
		D9D7E80B2C6A21CC004CBC66 /* ProfileImageService.swift in Sources */ = {isa = PBXBuildFile; fileRef = D9D7E80A2C6A21CC004CBC66 /* ProfileImageService.swift */; };
/* End PBXBuildFile section */

/* Begin PBXFileReference section */
		D947AEB42C4E8FB100742DD3 /* LightStatusBarViewController.swift */ = {isa = PBXFileReference; lastKnownFileType = sourcecode.swift; path = LightStatusBarViewController.swift; sourceTree = "<group>"; };
		D96D0B202C3EEC25008FD358 /* ImagesListCell.swift */ = {isa = PBXFileReference; lastKnownFileType = sourcecode.swift; path = ImagesListCell.swift; sourceTree = "<group>"; };
		D96D0B232C411B08008FD358 /* Date+Extensions.swift */ = {isa = PBXFileReference; lastKnownFileType = sourcecode.swift; path = "Date+Extensions.swift"; sourceTree = "<group>"; };
		D96D0B262C46795F008FD358 /* ProfileViewController.swift */ = {isa = PBXFileReference; lastKnownFileType = sourcecode.swift; path = ProfileViewController.swift; sourceTree = "<group>"; };
		D96D0B292C47C2CA008FD358 /* SingleImageViewController.swift */ = {isa = PBXFileReference; lastKnownFileType = sourcecode.swift; path = SingleImageViewController.swift; sourceTree = "<group>"; };
		D9B75FEA2C3706F10022F490 /* ImageFeed.app */ = {isa = PBXFileReference; explicitFileType = wrapper.application; includeInIndex = 0; path = ImageFeed.app; sourceTree = BUILT_PRODUCTS_DIR; };
		D9B75FED2C3706F10022F490 /* AppDelegate.swift */ = {isa = PBXFileReference; lastKnownFileType = sourcecode.swift; path = AppDelegate.swift; sourceTree = "<group>"; };
		D9B75FEF2C3706F10022F490 /* SceneDelegate.swift */ = {isa = PBXFileReference; lastKnownFileType = sourcecode.swift; path = SceneDelegate.swift; sourceTree = "<group>"; };
		D9B75FF12C3706F10022F490 /* ImagesListViewController.swift */ = {isa = PBXFileReference; lastKnownFileType = sourcecode.swift; path = ImagesListViewController.swift; sourceTree = "<group>"; };
		D9B75FF42C3706F10022F490 /* Base */ = {isa = PBXFileReference; lastKnownFileType = file.storyboard; name = Base; path = Base.lproj/Main.storyboard; sourceTree = "<group>"; };
		D9B75FF62C3706F20022F490 /* Assets.xcassets */ = {isa = PBXFileReference; lastKnownFileType = folder.assetcatalog; path = Assets.xcassets; sourceTree = "<group>"; };
		D9B75FF92C3706F20022F490 /* Base */ = {isa = PBXFileReference; lastKnownFileType = file.storyboard; name = Base; path = Base.lproj/LaunchScreen.storyboard; sourceTree = "<group>"; };
		D9B75FFB2C3706F20022F490 /* Info.plist */ = {isa = PBXFileReference; lastKnownFileType = text.plist.xml; path = Info.plist; sourceTree = "<group>"; };
		D9C4F9112C52463D004A08DF /* Constants.swift */ = {isa = PBXFileReference; lastKnownFileType = sourcecode.swift; path = Constants.swift; sourceTree = "<group>"; };
		D9C4F9142C52BD01004A08DF /* AuthViewController.swift */ = {isa = PBXFileReference; lastKnownFileType = sourcecode.swift; path = AuthViewController.swift; sourceTree = "<group>"; };
		D9C4F9162C52C328004A08DF /* WebViewViewController.swift */ = {isa = PBXFileReference; lastKnownFileType = sourcecode.swift; path = WebViewViewController.swift; sourceTree = "<group>"; };
		D9C4F91A2C57FD15004A08DF /* OAuth2Service.swift */ = {isa = PBXFileReference; lastKnownFileType = sourcecode.swift; path = OAuth2Service.swift; sourceTree = "<group>"; };
		D9C4F91D2C580291004A08DF /* NetworkService.swift */ = {isa = PBXFileReference; lastKnownFileType = sourcecode.swift; path = NetworkService.swift; sourceTree = "<group>"; };
		D9C4F91F2C58D19F004A08DF /* URLSession+data.swift */ = {isa = PBXFileReference; lastKnownFileType = sourcecode.swift; path = "URLSession+data.swift"; sourceTree = "<group>"; };
		D9C4F9212C58F509004A08DF /* OAuth2TokenStorage.swift */ = {isa = PBXFileReference; lastKnownFileType = sourcecode.swift; path = OAuth2TokenStorage.swift; sourceTree = "<group>"; };
		D9C4F9232C5904BD004A08DF /* SplashViewController.swift */ = {isa = PBXFileReference; lastKnownFileType = sourcecode.swift; path = SplashViewController.swift; sourceTree = "<group>"; };
		D9C4F9272C5A4D9E004A08DF /* DarkStatusBarViewController.swift */ = {isa = PBXFileReference; lastKnownFileType = sourcecode.swift; path = DarkStatusBarViewController.swift; sourceTree = "<group>"; };
		D9D7E8062C65389E004CBC66 /* UIBlockingProgressHUD.swift */ = {isa = PBXFileReference; lastKnownFileType = sourcecode.swift; path = UIBlockingProgressHUD.swift; sourceTree = "<group>"; };
		D9D7E8082C6628B2004CBC66 /* ProfileService.swift */ = {isa = PBXFileReference; lastKnownFileType = sourcecode.swift; path = ProfileService.swift; sourceTree = "<group>"; };
		D9D7E80A2C6A21CC004CBC66 /* ProfileImageService.swift */ = {isa = PBXFileReference; lastKnownFileType = sourcecode.swift; path = ProfileImageService.swift; sourceTree = "<group>"; };
/* End PBXFileReference section */

/* Begin PBXFrameworksBuildPhase section */
		D9B75FE72C3706F10022F490 /* Frameworks */ = {
			isa = PBXFrameworksBuildPhase;
			buildActionMask = 2147483647;
			files = (
				D9D7E8052C64ADD6004CBC66 /* ProgressHUD in Frameworks */,
			);
			runOnlyForDeploymentPostprocessing = 0;
		};
/* End PBXFrameworksBuildPhase section */

/* Begin PBXGroup section */
		D96D0B1F2C3EEC02008FD358 /* ImagesList */ = {
			isa = PBXGroup;
			children = (
				D9B75FF12C3706F10022F490 /* ImagesListViewController.swift */,
				D96D0B202C3EEC25008FD358 /* ImagesListCell.swift */,
			);
			path = ImagesList;
			sourceTree = "<group>";
		};
		D96D0B222C411AD6008FD358 /* Helpers */ = {
			isa = PBXGroup;
			children = (
				D96D0B232C411B08008FD358 /* Date+Extensions.swift */,
				D9C4F91F2C58D19F004A08DF /* URLSession+data.swift */,
				D9D7E8062C65389E004CBC66 /* UIBlockingProgressHUD.swift */,
			);
			path = Helpers;
			sourceTree = "<group>";
		};
		D96D0B252C46794F008FD358 /* Proifile */ = {
			isa = PBXGroup;
			children = (
				D96D0B262C46795F008FD358 /* ProfileViewController.swift */,
			);
			path = Proifile;
			sourceTree = "<group>";
		};
		D96D0B2B2C47C6A7008FD358 /* SingleImage */ = {
			isa = PBXGroup;
			children = (
				D96D0B292C47C2CA008FD358 /* SingleImageViewController.swift */,
			);
			path = SingleImage;
			sourceTree = "<group>";
		};
		D9B75FE12C3706F10022F490 = {
			isa = PBXGroup;
			children = (
				D9B75FEC2C3706F10022F490 /* ImageFeed */,
				D9B75FEB2C3706F10022F490 /* Products */,
			);
			sourceTree = "<group>";
		};
		D9B75FEB2C3706F10022F490 /* Products */ = {
			isa = PBXGroup;
			children = (
				D9B75FEA2C3706F10022F490 /* ImageFeed.app */,
			);
			name = Products;
			sourceTree = "<group>";
		};
		D9B75FEC2C3706F10022F490 /* ImageFeed */ = {
			isa = PBXGroup;
			children = (
				D9C4F9292C5A4E12004A08DF /* SplashScreen */,
				D9C4F9262C5A4CCE004A08DF /* BasicViewControllers */,
				D9C4F91C2C580282004A08DF /* Services */,
				D9C4F9132C52BCEA004A08DF /* Auth */,
				D96D0B2B2C47C6A7008FD358 /* SingleImage */,
				D96D0B252C46794F008FD358 /* Proifile */,
				D96D0B222C411AD6008FD358 /* Helpers */,
				D96D0B1F2C3EEC02008FD358 /* ImagesList */,
				D9B75FED2C3706F10022F490 /* AppDelegate.swift */,
				D9B75FEF2C3706F10022F490 /* SceneDelegate.swift */,
				D9C4F9112C52463D004A08DF /* Constants.swift */,
				D9B75FF32C3706F10022F490 /* Main.storyboard */,
				D9B75FF62C3706F20022F490 /* Assets.xcassets */,
				D9B75FF82C3706F20022F490 /* LaunchScreen.storyboard */,
				D9B75FFB2C3706F20022F490 /* Info.plist */,
			);
			path = ImageFeed;
			sourceTree = "<group>";
		};
		D9C4F9132C52BCEA004A08DF /* Auth */ = {
			isa = PBXGroup;
			children = (
				D9C4F9142C52BD01004A08DF /* AuthViewController.swift */,
				D9C4F9162C52C328004A08DF /* WebViewViewController.swift */,
			);
			path = Auth;
			sourceTree = "<group>";
		};
		D9C4F91C2C580282004A08DF /* Services */ = {
			isa = PBXGroup;
			children = (
				D9C4F9252C5A3C2A004A08DF /* OAuth2 */,
				D9C4F91D2C580291004A08DF /* NetworkService.swift */,
				D9D7E8082C6628B2004CBC66 /* ProfileService.swift */,
				D9D7E80A2C6A21CC004CBC66 /* ProfileImageService.swift */,
			);
			path = Services;
			sourceTree = "<group>";
		};
		D9C4F9252C5A3C2A004A08DF /* OAuth2 */ = {
			isa = PBXGroup;
			children = (
				D9C4F91A2C57FD15004A08DF /* OAuth2Service.swift */,
				D9C4F9212C58F509004A08DF /* OAuth2TokenStorage.swift */,
			);
			path = OAuth2;
			sourceTree = "<group>";
		};
		D9C4F9262C5A4CCE004A08DF /* BasicViewControllers */ = {
			isa = PBXGroup;
			children = (
				D947AEB42C4E8FB100742DD3 /* LightStatusBarViewController.swift */,
				D9C4F9272C5A4D9E004A08DF /* DarkStatusBarViewController.swift */,
			);
			path = BasicViewControllers;
			sourceTree = "<group>";
		};
		D9C4F9292C5A4E12004A08DF /* SplashScreen */ = {
			isa = PBXGroup;
			children = (
				D9C4F9232C5904BD004A08DF /* SplashViewController.swift */,
			);
			path = SplashScreen;
			sourceTree = "<group>";
		};
/* End PBXGroup section */

/* Begin PBXNativeTarget section */
		D9B75FE92C3706F10022F490 /* ImageFeed */ = {
			isa = PBXNativeTarget;
			buildConfigurationList = D9B75FFE2C3706F20022F490 /* Build configuration list for PBXNativeTarget "ImageFeed" */;
			buildPhases = (
				D9B75FE62C3706F10022F490 /* Sources */,
				D9B75FE72C3706F10022F490 /* Frameworks */,
				D9B75FE82C3706F10022F490 /* Resources */,
			);
			buildRules = (
			);
			dependencies = (
			);
			name = ImageFeed;
			packageProductDependencies = (
				D9D7E8042C64ADD6004CBC66 /* ProgressHUD */,
			);
			productName = ImageFeed;
			productReference = D9B75FEA2C3706F10022F490 /* ImageFeed.app */;
			productType = "com.apple.product-type.application";
		};
/* End PBXNativeTarget section */

/* Begin PBXProject section */
		D9B75FE22C3706F10022F490 /* Project object */ = {
			isa = PBXProject;
			attributes = {
				BuildIndependentTargetsInParallel = 1;
				LastSwiftUpdateCheck = 1540;
				LastUpgradeCheck = 1540;
				TargetAttributes = {
					D9B75FE92C3706F10022F490 = {
						CreatedOnToolsVersion = 15.4;
					};
				};
			};
			buildConfigurationList = D9B75FE52C3706F10022F490 /* Build configuration list for PBXProject "ImageFeed" */;
			compatibilityVersion = "Xcode 14.0";
			developmentRegion = en;
			hasScannedForEncodings = 0;
			knownRegions = (
				en,
				Base,
			);
			mainGroup = D9B75FE12C3706F10022F490;
			packageReferences = (
				D9D7E8032C64ADD6004CBC66 /* XCRemoteSwiftPackageReference "ProgressHUD" */,
			);
			productRefGroup = D9B75FEB2C3706F10022F490 /* Products */;
			projectDirPath = "";
			projectRoot = "";
			targets = (
				D9B75FE92C3706F10022F490 /* ImageFeed */,
			);
		};
/* End PBXProject section */

/* Begin PBXResourcesBuildPhase section */
		D9B75FE82C3706F10022F490 /* Resources */ = {
			isa = PBXResourcesBuildPhase;
			buildActionMask = 2147483647;
			files = (
				D9B75FF72C3706F20022F490 /* Assets.xcassets in Resources */,
				D9B75FFA2C3706F20022F490 /* Base in Resources */,
				D9B75FF52C3706F10022F490 /* Base in Resources */,
			);
			runOnlyForDeploymentPostprocessing = 0;
		};
/* End PBXResourcesBuildPhase section */

/* Begin PBXSourcesBuildPhase section */
		D9B75FE62C3706F10022F490 /* Sources */ = {
			isa = PBXSourcesBuildPhase;
			buildActionMask = 2147483647;
			files = (
				D96D0B272C46795F008FD358 /* ProfileViewController.swift in Sources */,
				D9B75FF22C3706F10022F490 /* ImagesListViewController.swift in Sources */,
				D9C4F9282C5A4D9E004A08DF /* DarkStatusBarViewController.swift in Sources */,
				D9C4F91B2C57FD15004A08DF /* OAuth2Service.swift in Sources */,
				D9C4F9242C5904BD004A08DF /* SplashViewController.swift in Sources */,
				D9C4F9152C52BD01004A08DF /* AuthViewController.swift in Sources */,
				D96D0B212C3EEC25008FD358 /* ImagesListCell.swift in Sources */,
				D9C4F9172C52C328004A08DF /* WebViewViewController.swift in Sources */,
				D9C4F91E2C580291004A08DF /* NetworkService.swift in Sources */,
				D96D0B2A2C47C2CA008FD358 /* SingleImageViewController.swift in Sources */,
				D9C4F9202C58D19F004A08DF /* URLSession+data.swift in Sources */,
				D9B75FEE2C3706F10022F490 /* AppDelegate.swift in Sources */,
				D947AEB52C4E8FB100742DD3 /* LightStatusBarViewController.swift in Sources */,
				D96D0B242C411B08008FD358 /* Date+Extensions.swift in Sources */,
				D9D7E8092C6628B2004CBC66 /* ProfileService.swift in Sources */,
				D9C4F9222C58F509004A08DF /* OAuth2TokenStorage.swift in Sources */,
				D9B75FF02C3706F10022F490 /* SceneDelegate.swift in Sources */,
				D9D7E80B2C6A21CC004CBC66 /* ProfileImageService.swift in Sources */,
				D9C4F9122C52463D004A08DF /* Constants.swift in Sources */,
				D9D7E8072C65389E004CBC66 /* UIBlockingProgressHUD.swift in Sources */,
			);
			runOnlyForDeploymentPostprocessing = 0;
		};
/* End PBXSourcesBuildPhase section */

/* Begin PBXVariantGroup section */
		D9B75FF32C3706F10022F490 /* Main.storyboard */ = {
			isa = PBXVariantGroup;
			children = (
				D9B75FF42C3706F10022F490 /* Base */,
			);
			name = Main.storyboard;
			sourceTree = "<group>";
		};
		D9B75FF82C3706F20022F490 /* LaunchScreen.storyboard */ = {
			isa = PBXVariantGroup;
			children = (
				D9B75FF92C3706F20022F490 /* Base */,
			);
			name = LaunchScreen.storyboard;
			sourceTree = "<group>";
		};
/* End PBXVariantGroup section */

/* Begin XCBuildConfiguration section */
		D9B75FFC2C3706F20022F490 /* Debug */ = {
			isa = XCBuildConfiguration;
			buildSettings = {
				ALWAYS_SEARCH_USER_PATHS = NO;
				ASSETCATALOG_COMPILER_GENERATE_SWIFT_ASSET_SYMBOL_EXTENSIONS = YES;
				CLANG_ANALYZER_NONNULL = YES;
				CLANG_ANALYZER_NUMBER_OBJECT_CONVERSION = YES_AGGRESSIVE;
				CLANG_CXX_LANGUAGE_STANDARD = "gnu++20";
				CLANG_ENABLE_MODULES = YES;
				CLANG_ENABLE_OBJC_ARC = YES;
				CLANG_ENABLE_OBJC_WEAK = YES;
				CLANG_WARN_BLOCK_CAPTURE_AUTORELEASING = YES;
				CLANG_WARN_BOOL_CONVERSION = YES;
				CLANG_WARN_COMMA = YES;
				CLANG_WARN_CONSTANT_CONVERSION = YES;
				CLANG_WARN_DEPRECATED_OBJC_IMPLEMENTATIONS = YES;
				CLANG_WARN_DIRECT_OBJC_ISA_USAGE = YES_ERROR;
				CLANG_WARN_DOCUMENTATION_COMMENTS = YES;
				CLANG_WARN_EMPTY_BODY = YES;
				CLANG_WARN_ENUM_CONVERSION = YES;
				CLANG_WARN_INFINITE_RECURSION = YES;
				CLANG_WARN_INT_CONVERSION = YES;
				CLANG_WARN_NON_LITERAL_NULL_CONVERSION = YES;
				CLANG_WARN_OBJC_IMPLICIT_RETAIN_SELF = YES;
				CLANG_WARN_OBJC_LITERAL_CONVERSION = YES;
				CLANG_WARN_OBJC_ROOT_CLASS = YES_ERROR;
				CLANG_WARN_QUOTED_INCLUDE_IN_FRAMEWORK_HEADER = YES;
				CLANG_WARN_RANGE_LOOP_ANALYSIS = YES;
				CLANG_WARN_STRICT_PROTOTYPES = YES;
				CLANG_WARN_SUSPICIOUS_MOVE = YES;
				CLANG_WARN_UNGUARDED_AVAILABILITY = YES_AGGRESSIVE;
				CLANG_WARN_UNREACHABLE_CODE = YES;
				CLANG_WARN__DUPLICATE_METHOD_MATCH = YES;
				COPY_PHASE_STRIP = NO;
				DEBUG_INFORMATION_FORMAT = dwarf;
				ENABLE_STRICT_OBJC_MSGSEND = YES;
				ENABLE_TESTABILITY = YES;
				ENABLE_USER_SCRIPT_SANDBOXING = YES;
				GCC_C_LANGUAGE_STANDARD = gnu17;
				GCC_DYNAMIC_NO_PIC = NO;
				GCC_NO_COMMON_BLOCKS = YES;
				GCC_OPTIMIZATION_LEVEL = 0;
				GCC_PREPROCESSOR_DEFINITIONS = (
					"DEBUG=1",
					"$(inherited)",
				);
				GCC_WARN_64_TO_32_BIT_CONVERSION = YES;
				GCC_WARN_ABOUT_RETURN_TYPE = YES_ERROR;
				GCC_WARN_UNDECLARED_SELECTOR = YES;
				GCC_WARN_UNINITIALIZED_AUTOS = YES_AGGRESSIVE;
				GCC_WARN_UNUSED_FUNCTION = YES;
				GCC_WARN_UNUSED_VARIABLE = YES;
				IPHONEOS_DEPLOYMENT_TARGET = 17.5;
				LOCALIZATION_PREFERS_STRING_CATALOGS = YES;
				MTL_ENABLE_DEBUG_INFO = INCLUDE_SOURCE;
				MTL_FAST_MATH = YES;
				ONLY_ACTIVE_ARCH = YES;
				SDKROOT = iphoneos;
				SWIFT_ACTIVE_COMPILATION_CONDITIONS = "DEBUG $(inherited)";
				SWIFT_OPTIMIZATION_LEVEL = "-Onone";
			};
			name = Debug;
		};
		D9B75FFD2C3706F20022F490 /* Release */ = {
			isa = XCBuildConfiguration;
			buildSettings = {
				ALWAYS_SEARCH_USER_PATHS = NO;
				ASSETCATALOG_COMPILER_GENERATE_SWIFT_ASSET_SYMBOL_EXTENSIONS = YES;
				CLANG_ANALYZER_NONNULL = YES;
				CLANG_ANALYZER_NUMBER_OBJECT_CONVERSION = YES_AGGRESSIVE;
				CLANG_CXX_LANGUAGE_STANDARD = "gnu++20";
				CLANG_ENABLE_MODULES = YES;
				CLANG_ENABLE_OBJC_ARC = YES;
				CLANG_ENABLE_OBJC_WEAK = YES;
				CLANG_WARN_BLOCK_CAPTURE_AUTORELEASING = YES;
				CLANG_WARN_BOOL_CONVERSION = YES;
				CLANG_WARN_COMMA = YES;
				CLANG_WARN_CONSTANT_CONVERSION = YES;
				CLANG_WARN_DEPRECATED_OBJC_IMPLEMENTATIONS = YES;
				CLANG_WARN_DIRECT_OBJC_ISA_USAGE = YES_ERROR;
				CLANG_WARN_DOCUMENTATION_COMMENTS = YES;
				CLANG_WARN_EMPTY_BODY = YES;
				CLANG_WARN_ENUM_CONVERSION = YES;
				CLANG_WARN_INFINITE_RECURSION = YES;
				CLANG_WARN_INT_CONVERSION = YES;
				CLANG_WARN_NON_LITERAL_NULL_CONVERSION = YES;
				CLANG_WARN_OBJC_IMPLICIT_RETAIN_SELF = YES;
				CLANG_WARN_OBJC_LITERAL_CONVERSION = YES;
				CLANG_WARN_OBJC_ROOT_CLASS = YES_ERROR;
				CLANG_WARN_QUOTED_INCLUDE_IN_FRAMEWORK_HEADER = YES;
				CLANG_WARN_RANGE_LOOP_ANALYSIS = YES;
				CLANG_WARN_STRICT_PROTOTYPES = YES;
				CLANG_WARN_SUSPICIOUS_MOVE = YES;
				CLANG_WARN_UNGUARDED_AVAILABILITY = YES_AGGRESSIVE;
				CLANG_WARN_UNREACHABLE_CODE = YES;
				CLANG_WARN__DUPLICATE_METHOD_MATCH = YES;
				COPY_PHASE_STRIP = NO;
				DEBUG_INFORMATION_FORMAT = "dwarf-with-dsym";
				ENABLE_NS_ASSERTIONS = NO;
				ENABLE_STRICT_OBJC_MSGSEND = YES;
				ENABLE_USER_SCRIPT_SANDBOXING = YES;
				GCC_C_LANGUAGE_STANDARD = gnu17;
				GCC_NO_COMMON_BLOCKS = YES;
				GCC_WARN_64_TO_32_BIT_CONVERSION = YES;
				GCC_WARN_ABOUT_RETURN_TYPE = YES_ERROR;
				GCC_WARN_UNDECLARED_SELECTOR = YES;
				GCC_WARN_UNINITIALIZED_AUTOS = YES_AGGRESSIVE;
				GCC_WARN_UNUSED_FUNCTION = YES;
				GCC_WARN_UNUSED_VARIABLE = YES;
				IPHONEOS_DEPLOYMENT_TARGET = 17.5;
				LOCALIZATION_PREFERS_STRING_CATALOGS = YES;
				MTL_ENABLE_DEBUG_INFO = NO;
				MTL_FAST_MATH = YES;
				SDKROOT = iphoneos;
				SWIFT_COMPILATION_MODE = wholemodule;
				VALIDATE_PRODUCT = YES;
			};
			name = Release;
		};
		D9B75FFF2C3706F20022F490 /* Debug */ = {
			isa = XCBuildConfiguration;
			buildSettings = {
				ASSETCATALOG_COMPILER_APPICON_NAME = AppIcon;
				ASSETCATALOG_COMPILER_GLOBAL_ACCENT_COLOR_NAME = AccentColor;
				CODE_SIGN_STYLE = Automatic;
				CURRENT_PROJECT_VERSION = 1;
				DEVELOPMENT_TEAM = N7PHJ342NN;
				GENERATE_INFOPLIST_FILE = YES;
				INFOPLIST_FILE = ImageFeed/Info.plist;
				INFOPLIST_KEY_UIApplicationSupportsIndirectInputEvents = YES;
				INFOPLIST_KEY_UILaunchStoryboardName = LaunchScreen;
				INFOPLIST_KEY_UIMainStoryboardFile = Main;
				INFOPLIST_KEY_UISupportedInterfaceOrientations = UIInterfaceOrientationPortrait;
				IPHONEOS_DEPLOYMENT_TARGET = 13.0;
				LD_RUNPATH_SEARCH_PATHS = (
					"$(inherited)",
					"@executable_path/Frameworks",
				);
				MARKETING_VERSION = 1.0;
				PRODUCT_BUNDLE_IDENTIFIER = ru.avbralnin.practicum.ImageFeed;
				PRODUCT_NAME = "$(TARGET_NAME)";
				SUPPORTED_PLATFORMS = "iphoneos iphonesimulator";
				SUPPORTS_MACCATALYST = NO;
				SUPPORTS_MAC_DESIGNED_FOR_IPHONE_IPAD = NO;
				SUPPORTS_XR_DESIGNED_FOR_IPHONE_IPAD = NO;
				SWIFT_EMIT_LOC_STRINGS = YES;
				SWIFT_VERSION = 5.0;
				TARGETED_DEVICE_FAMILY = 1;
			};
			name = Debug;
		};
		D9B760002C3706F20022F490 /* Release */ = {
			isa = XCBuildConfiguration;
			buildSettings = {
				ASSETCATALOG_COMPILER_APPICON_NAME = AppIcon;
				ASSETCATALOG_COMPILER_GLOBAL_ACCENT_COLOR_NAME = AccentColor;
				CODE_SIGN_STYLE = Automatic;
				CURRENT_PROJECT_VERSION = 1;
				DEVELOPMENT_TEAM = N7PHJ342NN;
				GENERATE_INFOPLIST_FILE = YES;
				INFOPLIST_FILE = ImageFeed/Info.plist;
				INFOPLIST_KEY_UIApplicationSupportsIndirectInputEvents = YES;
				INFOPLIST_KEY_UILaunchStoryboardName = LaunchScreen;
				INFOPLIST_KEY_UIMainStoryboardFile = Main;
				INFOPLIST_KEY_UISupportedInterfaceOrientations = UIInterfaceOrientationPortrait;
				IPHONEOS_DEPLOYMENT_TARGET = 13.0;
				LD_RUNPATH_SEARCH_PATHS = (
					"$(inherited)",
					"@executable_path/Frameworks",
				);
				MARKETING_VERSION = 1.0;
				PRODUCT_BUNDLE_IDENTIFIER = ru.avbralnin.practicum.ImageFeed;
				PRODUCT_NAME = "$(TARGET_NAME)";
				SUPPORTED_PLATFORMS = "iphoneos iphonesimulator";
				SUPPORTS_MACCATALYST = NO;
				SUPPORTS_MAC_DESIGNED_FOR_IPHONE_IPAD = NO;
				SUPPORTS_XR_DESIGNED_FOR_IPHONE_IPAD = NO;
				SWIFT_EMIT_LOC_STRINGS = YES;
				SWIFT_VERSION = 5.0;
				TARGETED_DEVICE_FAMILY = 1;
			};
			name = Release;
		};
/* End XCBuildConfiguration section */

/* Begin XCConfigurationList section */
		D9B75FE52C3706F10022F490 /* Build configuration list for PBXProject "ImageFeed" */ = {
			isa = XCConfigurationList;
			buildConfigurations = (
				D9B75FFC2C3706F20022F490 /* Debug */,
				D9B75FFD2C3706F20022F490 /* Release */,
			);
			defaultConfigurationIsVisible = 0;
			defaultConfigurationName = Release;
		};
		D9B75FFE2C3706F20022F490 /* Build configuration list for PBXNativeTarget "ImageFeed" */ = {
			isa = XCConfigurationList;
			buildConfigurations = (
				D9B75FFF2C3706F20022F490 /* Debug */,
				D9B760002C3706F20022F490 /* Release */,
			);
			defaultConfigurationIsVisible = 0;
			defaultConfigurationName = Release;
		};
/* End XCConfigurationList section */

/* Begin XCRemoteSwiftPackageReference section */
		D9D7E8032C64ADD6004CBC66 /* XCRemoteSwiftPackageReference "ProgressHUD" */ = {
			isa = XCRemoteSwiftPackageReference;
			repositoryURL = "https://github.com/relatedcode/ProgressHUD";
			requirement = {
				kind = upToNextMajorVersion;
				minimumVersion = 14.1.3;
			};
		};
/* End XCRemoteSwiftPackageReference section */

/* Begin XCSwiftPackageProductDependency section */
		D9D7E8042C64ADD6004CBC66 /* ProgressHUD */ = {
			isa = XCSwiftPackageProductDependency;
			package = D9D7E8032C64ADD6004CBC66 /* XCRemoteSwiftPackageReference "ProgressHUD" */;
			productName = ProgressHUD;
		};
/* End XCSwiftPackageProductDependency section */
	};
	rootObject = D9B75FE22C3706F10022F490 /* Project object */;
}
